{
  "version": 4,
  "terraform_version": "1.12.1",
  "serial": 3,
  "lineage": "d0e8fa09-bcb8-f852-881e-5c9fff40a7dd",
  "outputs": {},
  "resources": [
    {
      "mode": "managed",
      "type": "libvirt_volume",
      "name": "ubuntu_qcow2",
      "provider": "provider[\"registry.terraform.io/dmacvicar/libvirt\"]",
      "instances": [
        {
          "schema_version": 0,
          "attributes": {
            "base_volume_id": null,
            "base_volume_name": null,
            "base_volume_pool": null,
            "format": "qcow2",
            "id": "/var/lib/libvirt/images/todo-vm-disk.qcow2",
            "name": "todo-vm-disk.qcow2",
            "pool": "default",
            "size": 2361393152,
            "source": "https://cloud-images.ubuntu.com/focal/current/focal-server-cloudimg-amd64-disk-kvm.img",
            "xml": []
          },
          "sensitive_attributes": [],
          "identity_schema_version": 0,
          "private": "bnVsbA=="
        }
      ]
    }
  ],
  "check_results": null
}
