{
  "version": 4,
  "terraform_version": "1.12.1",
  "serial": 18,
  "lineage": "d0e8fa09-bcb8-f852-881e-5c9fff40a7dd",
  "outputs": {
    "ip": {
      "value": "192.168.122.233:22",
      "type": "string"
    },
    "public_ssh_key": {
      "value": "ssh-ed25519 AAAAC3NzaC1lZDI1NTE5AAAAIMDyMDUhk3n18kGuC7u3oEJRqH8e7PEW7joq5cR2OfLD qsyoma@Qsyoma",
      "type": "string"
    },
    "username": {
      "value": "ubuntu",
      "type": "string"
    }
  },
  "resources": [
    {
      "mode": "data",
      "type": "template_file",
      "name": "user_data",
      "provider": "provider[\"registry.terraform.io/hashicorp/template\"]",
      "instances": [
        {
          "schema_version": 0,
          "attributes": {
            "filename": null,
            "id": "9a3da1f511fd591e1c4b93a1443ac256b3fd0b7eeda9b6634aa16e62d4e05938",
            "rendered": "#cloud-config\nhostname: todo-vm\npassword: your_password_here\nchpasswd: { expire: False }\nssh_pwauth: True\nssh_authorized_keys:\n  - ssh-ed25519 AAAAC3NzaC1lZDI1NTE5AAAAIMDyMDUhk3n18kGuC7u3oEJRqH8e7PEW7joq5cR2OfLD qsyoma@Qsyoma",
            "template": "#cloud-config\nhostname: ${vm_name}\npassword: your_password_here\nchpasswd: { expire: False }\nssh_pwauth: True\nssh_authorized_keys:\n  - ssh-ed25519 AAAAC3NzaC1lZDI1NTE5AAAAIMDyMDUhk3n18kGuC7u3oEJRqH8e7PEW7joq5cR2OfLD qsyoma@Qsyoma",
            "vars": {
              "vm_name": "todo-vm"
            }
          },
          "sensitive_attributes": [],
          "identity_schema_version": 0
        }
      ]
    },
    {
      "mode": "managed",
      "type": "libvirt_cloudinit_disk",
      "name": "cloudinit",
      "provider": "provider[\"registry.terraform.io/dmacvicar/libvirt\"]",
      "instances": [
        {
          "schema_version": 0,
          "attributes": {
            "id": "/var/lib/libvirt/images/todo-vm-cloudinit.iso;fc001ee3-128c-4723-8d96-3c5e7726cef2",
            "meta_data": "",
            "name": "todo-vm-cloudinit.iso",
            "network_config": "",
            "pool": "default",
            "user_data": "#cloud-config\nhostname: todo-vm\npassword: your_password_here\nchpasswd: { expire: False }\nssh_pwauth: True\nssh_authorized_keys:\n  - ssh-ed25519 AAAAC3NzaC1lZDI1NTE5AAAAIMDyMDUhk3n18kGuC7u3oEJRqH8e7PEW7joq5cR2OfLD qsyoma@Qsyoma"
          },
          "sensitive_attributes": [],
          "identity_schema_version": 0,
          "private": "bnVsbA==",
          "dependencies": [
            "data.template_file.user_data"
          ]
        }
      ]
    },
    {
      "mode": "managed",
      "type": "libvirt_domain",
      "name": "todo_vm",
      "provider": "provider[\"registry.terraform.io/dmacvicar/libvirt\"]",
      "instances": [
        {
          "schema_version": 0,
          "attributes": {
            "arch": "x86_64",
            "autostart": true,
            "boot_device": [],
            "cloudinit": "/var/lib/libvirt/images/todo-vm-cloudinit.iso;fc001ee3-128c-4723-8d96-3c5e7726cef2",
            "cmdline": [],
            "console": [
              {
                "source_host": "127.0.0.1",
                "source_path": "",
                "source_service": "0",
                "target_port": "0",
                "target_type": "",
                "type": "pty"
              }
            ],
            "coreos_ignition": null,
            "cpu": [
              {
                "mode": "custom"
              }
            ],
            "description": "",
            "disk": [
              {
                "block_device": "",
                "file": "",
                "scsi": false,
                "url": "",
                "volume_id": "/var/lib/libvirt/images/todo-vm-disk.qcow2",
                "wwn": ""
              }
            ],
            "emulator": "/usr/bin/qemu-system-x86_64",
            "filesystem": [],
            "firmware": null,
            "fw_cfg_name": "opt/com.coreos/config",
            "graphics": [],
            "id": "678227ea-9d88-4bbf-8410-4e5ff74d9118",
            "initrd": "",
            "kernel": "",
            "machine": "pc",
            "memory": 3072,
            "metadata": null,
            "name": "todo-vm",
            "network_interface": [
              {
                "addresses": [
                  "192.168.122.233"
                ],
                "bridge": "",
                "hostname": "",
                "mac": "52:54:00:DA:DA:B8",
                "macvtap": "",
                "network_id": "dba6614c-438e-4cd6-b596-c3189f546886",
                "network_name": "default",
                "passthrough": "",
                "private": "",
                "vepa": "",
                "wait_for_lease": false
              }
            ],
            "nvram": [],
            "qemu_agent": false,
            "running": true,
            "timeouts": null,
            "tpm": [],
            "type": "kvm",
            "vcpu": 2,
            "video": [],
            "xml": []
          },
          "sensitive_attributes": [],
          "identity_schema_version": 0,
          "private": "eyJlMmJmYjczMC1lY2FhLTExZTYtOGY4OC0zNDM2M2JjN2M0YzAiOnsiY3JlYXRlIjozMDAwMDAwMDAwMDB9fQ==",
          "dependencies": [
            "data.template_file.user_data",
            "libvirt_cloudinit_disk.cloudinit",
            "libvirt_volume.ubuntu_qcow2"
          ]
        }
      ]
    },
    {
      "mode": "managed",
      "type": "libvirt_volume",
      "name": "ubuntu_qcow2",
      "provider": "provider[\"registry.terraform.io/dmacvicar/libvirt\"]",
      "instances": [
        {
          "schema_version": 0,
          "attributes": {
            "base_volume_id": null,
            "base_volume_name": null,
            "base_volume_pool": null,
            "format": "qcow2",
            "id": "/var/lib/libvirt/images/todo-vm-disk.qcow2",
            "name": "todo-vm-disk.qcow2",
            "pool": "default",
            "size": 2361393152,
            "source": "https://cloud-images.ubuntu.com/focal/current/focal-server-cloudimg-amd64-disk-kvm.img",
            "xml": []
          },
          "sensitive_attributes": [],
          "identity_schema_version": 0,
          "private": "bnVsbA=="
        }
      ]
    }
  ],
  "check_results": null
}
